# This file is automatically @generated by Cargo.
# It is not intended for manual editing.
[[package]]
name = "adler32"
version = "1.0.0"
source = "registry+https://github.com/rust-lang/crates.io-index"
checksum = "3ff33fe13a08dbce05bcefa2c68eea4844941437e33d6f808240b54d7157b9cd"

[[package]]
name = "advapi32-sys"
version = "0.1.2"
source = "registry+https://github.com/rust-lang/crates.io-index"
checksum = "307c92332867e586720c0222ee9d890bbe8431711efed8a1b06bc5b40fc66bd7"
dependencies = [
 "winapi 0.3.0",
 "winapi-build",
]

[[package]]
name = "argon2rs"
version = "0.2.0"
source = "registry+https://github.com/rust-lang/crates.io-index"
checksum = "5d1c8c9784a74b215d2e185ca6ca8fe0171855e3a3b9fe63d08bd4928f940574"
dependencies = [
 "blake2-rfc",
 "crossbeam",
]

[[package]]
name = "arrayvec"
version = "0.4.0"
source = "registry+https://github.com/rust-lang/crates.io-index"
checksum = "d1154a1f6c2d8ca95194edbee2380f23f2a51ba321a1217ea00e78166636b2a0"
dependencies = [
 "nodrop",
 "odds",
]

[[package]]
name = "backtrace"
version = "0.3.3"
source = "registry+https://github.com/rust-lang/crates.io-index"
checksum = "99f2ce94e22b8e664d95c57fff45b98a966c2252b60691d0b7aeeccd88d70983"
dependencies = [
 "backtrace-sys",
 "cfg-if",
 "dbghelp-sys",
 "kernel32-sys",
 "libc 0.2.37",
 "rustc-demangle",
 "winapi 0.2.5",
]

[[package]]
name = "backtrace-sys"
version = "0.1.3"
source = "registry+https://github.com/rust-lang/crates.io-index"
checksum = "3216d6e2b2c36c648a78afab0fdcb124d5365f7eb9b0895eab395549d76280d2"
dependencies = [
 "libc 0.2.37",
]

[[package]]
name = "base64"
version = "0.10.0"
source = "registry+https://github.com/rust-lang/crates.io-index"
checksum = "621fc7ecb8008f86d7fb9b95356cd692ce9514b80a86d85b397f32a22da7b9e2"
dependencies = [
 "byteorder",
]

[[package]]
name = "bitflags"
version = "1.0.0"
source = "registry+https://github.com/rust-lang/crates.io-index"
checksum = "f5cde24d1b2e2216a726368b2363a273739c91f4e3eb4e0dd12d672d396ad989"

[[package]]
name = "blake2-rfc"
version = "0.2.16"
source = "registry+https://github.com/rust-lang/crates.io-index"
checksum = "38553cfdd987d0221d4845c1e3518a01f7037c0e2d7258cc31ab50787b95191f"
dependencies = [
 "constant_time_eq",
]

[[package]]
name = "byteorder"
version = "1.2.6"
source = "registry+https://github.com/rust-lang/crates.io-index"
checksum = "90492c5858dd7d2e78691cfb89f90d273a2800fc11d98f60786e5d87e2f83781"

[[package]]
name = "bytes"
version = "0.4.7"
source = "registry+https://github.com/rust-lang/crates.io-index"
checksum = "2f1d50c876fb7545f5f289cd8b2aee3f359d073ae819eed5d6373638e2c61e59"
dependencies = [
 "byteorder",
 "iovec",
]

[[package]]
name = "cc"
version = "1.0.0"
source = "registry+https://github.com/rust-lang/crates.io-index"
checksum = "7db2f146208d7e0fbee761b09cd65a7f51ccc38705d4e7262dad4d73b12a76b1"

[[package]]
name = "cfg-if"
version = "0.1.9"
source = "registry+https://github.com/rust-lang/crates.io-index"
checksum = "b486ce3ccf7ffd79fdeb678eac06a9e6c09fc88d33836340becb8fffe87c5e33"

[[package]]
name = "cloudabi"
version = "0.0.3"
source = "registry+https://github.com/rust-lang/crates.io-index"
checksum = "ddfc5b9aa5d4507acaf872de71051dfd0e309860e88966e1051e462a077aac4f"
dependencies = [
 "bitflags",
]

[[package]]
name = "commoncrypto"
version = "0.2.0"
source = "registry+https://github.com/rust-lang/crates.io-index"
checksum = "d056a8586ba25a1e4d61cb090900e495952c7886786fc55f909ab2f819b69007"
dependencies = [
 "commoncrypto-sys",
]

[[package]]
name = "commoncrypto-sys"
version = "0.2.0"
source = "registry+https://github.com/rust-lang/crates.io-index"
checksum = "1fed34f46747aa73dfaa578069fd8279d2818ade2b55f38f22a9401c7f4083e2"
dependencies = [
 "libc 0.2.37",
]

[[package]]
name = "constant_time_eq"
version = "0.1.0"
source = "registry+https://github.com/rust-lang/crates.io-index"
checksum = "b652d338c702a0269fe4215df0139805d280a8445051d0ce37b4b8a7dc9be4f0"

[[package]]
name = "core-foundation"
version = "0.5.1"
source = "registry+https://github.com/rust-lang/crates.io-index"
checksum = "286e0b41c3a20da26536c6000a280585d519fd07b3956b43aed8a79e9edce980"
dependencies = [
 "core-foundation-sys",
 "libc 0.2.37",
]

[[package]]
name = "core-foundation-sys"
version = "0.5.1"
source = "registry+https://github.com/rust-lang/crates.io-index"
checksum = "716c271e8613ace48344f723b60b900a93150271e5be206212d052bbc0883efa"
dependencies = [
 "libc 0.2.37",
]

[[package]]
name = "crc32fast"
version = "1.0.1"
source = "registry+https://github.com/rust-lang/crates.io-index"
checksum = "d9e689429a0eb4cb3ca1af86f750475c2d2181c591e12ab553aa3b7a014eb225"
dependencies = [
 "rustc_version",
]

[[package]]
name = "crossbeam"
version = "0.2.5"
source = "registry+https://github.com/rust-lang/crates.io-index"
checksum = "43a558c7c39a3fc4944bae53a27a553e5e54e349243b08a26a868a110f74616a"

[[package]]
name = "crossbeam-deque"
version = "0.6.1"
source = "registry+https://github.com/rust-lang/crates.io-index"
checksum = "3486aefc4c0487b9cb52372c97df0a48b8c249514af1ee99703bf70d2f2ceda1"
dependencies = [
 "crossbeam-epoch",
 "crossbeam-utils 0.5.0",
]

[[package]]
name = "crossbeam-epoch"
version = "0.5.0"
source = "registry+https://github.com/rust-lang/crates.io-index"
checksum = "48deb8586d997ab13e98fb7e057b232149f9440321c73845b2f4cee483da29bc"
dependencies = [
 "arrayvec",
 "cfg-if",
 "crossbeam-utils 0.4.0",
 "lazy_static",
 "memoffset",
 "scopeguard",
]

[[package]]
name = "crossbeam-utils"
version = "0.4.0"
source = "registry+https://github.com/rust-lang/crates.io-index"
checksum = "b71f220442ed14749909b543d4dd7ec3918cb1fe289fd96e88d0abe6ca049783"

[[package]]
name = "crossbeam-utils"
version = "0.5.0"
source = "registry+https://github.com/rust-lang/crates.io-index"
checksum = "677d453a17e8bd2b913fa38e8b9cf04bcdbb5be790aa294f2389661d72036015"

[[package]]
name = "crossbeam-utils"
version = "0.6.0"
source = "registry+https://github.com/rust-lang/crates.io-index"
checksum = "6efda20eef4ccf2a862d442a1e0319d568f9133e16a085a1f8126fe9b6da852d"
dependencies = [
 "cfg-if",
]

[[package]]
name = "crypto-hash"
version = "0.3.1"
source = "registry+https://github.com/rust-lang/crates.io-index"
checksum = "09de9ee0fc255ace04c7fa0763c9395a945c37c8292bb554f8d48361d1dcf1b4"
dependencies = [
 "commoncrypto",
 "hex",
 "openssl",
 "winapi 0.3.0",
]

[[package]]
name = "dbghelp-sys"
version = "0.2.0"
source = "registry+https://github.com/rust-lang/crates.io-index"
checksum = "97590ba53bcb8ac28279161ca943a924d1fd4a8fb3fa63302591647c4fc5b850"
dependencies = [
 "winapi 0.2.5",
 "winapi-build",
]

[[package]]
name = "directories"
version = "3.0.0"
source = "registry+https://github.com/rust-lang/crates.io-index"
checksum = "ba927e81b69134a17de62e7be40364be6844f731238ed166f53aac36344ecc19"
dependencies = [
 "cfg-if",
 "dirs-sys",
]

[[package]]
name = "dirs-sys"
version = "0.3.5"
source = "registry+https://github.com/rust-lang/crates.io-index"
checksum = "8e93d7f5705de3e49895a2b5e0b8855a1c27f080192ae9c32a6432d50741a57a"
dependencies = [
 "libc 0.2.37",
 "redox_users",
 "winapi 0.3.0",
]

[[package]]
name = "dtoa"
version = "0.4.0"
source = "registry+https://github.com/rust-lang/crates.io-index"
checksum = "5edd69c67b2f8e0911629b7e6b8a34cb3956613cd7c6e6414966dee349c2db4f"

[[package]]
name = "encoding_rs"
version = "0.8.0"
source = "registry+https://github.com/rust-lang/crates.io-index"
checksum = "c6848cbd169668c2338be9940ac8968179edcd8704248e1e0c885a306c42772e"
dependencies = [
 "cfg-if",
]

[[package]]
name = "failure"
version = "0.1.1"
source = "registry+https://github.com/rust-lang/crates.io-index"
checksum = "934799b6c1de475a012a02dab0ace1ace43789ee4b99bcfbf1a2e3e8ced5de82"
dependencies = [
 "backtrace",
 "failure_derive",
]

[[package]]
name = "failure_derive"
version = "0.1.1"
source = "registry+https://github.com/rust-lang/crates.io-index"
checksum = "c7cdda555bb90c9bb67a3b670a0f42de8e73f5981524123ad8578aafec8ddb8b"
dependencies = [
 "quote",
 "syn",
 "synstructure",
]

[[package]]
name = "fnv"
version = "1.0.5"
source = "registry+https://github.com/rust-lang/crates.io-index"
checksum = "6cc484842f1e2884faf56f529f960cc12ad8c71ce96cc7abba0a067c98fee344"

[[package]]
name = "foreign-types"
version = "0.3.1"
source = "registry+https://github.com/rust-lang/crates.io-index"
checksum = "a21b40436003b2a1e22483c5ed6c3d25e755b6b3120f601cc22aa57e25dc9065"
dependencies = [
 "foreign-types-shared",
]

[[package]]
name = "foreign-types-shared"
version = "0.1.0"
source = "registry+https://github.com/rust-lang/crates.io-index"
checksum = "baa1839fc3c5487b5e129ea4f774e3fd84e6c4607127315521bc014a722ebc9e"

[[package]]
name = "fuchsia-zircon"
version = "0.3.3"
source = "registry+https://github.com/rust-lang/crates.io-index"
checksum = "2e9763c69ebaae630ba35f74888db465e49e259ba1bc0eda7d06f4a067615d82"
dependencies = [
 "bitflags",
 "fuchsia-zircon-sys",
]

[[package]]
name = "fuchsia-zircon-sys"
version = "0.3.3"
source = "registry+https://github.com/rust-lang/crates.io-index"
checksum = "3dcaa9ae7725d12cdb85b3ad99a434db70b468c09ded17e012d86b5c1010f7a7"

[[package]]
name = "futures"
version = "0.1.23"
source = "registry+https://github.com/rust-lang/crates.io-index"
checksum = "884dbe32a6ae4cd7da5c6db9b78114449df9953b8d490c9d7e1b51720b922c62"

[[package]]
name = "futures-cpupool"
version = "0.1.6"
source = "registry+https://github.com/rust-lang/crates.io-index"
checksum = "77d49e7de8b91b20d6fda43eea906637eff18b96702eb6b2872df8bfab1ad2b5"
dependencies = [
 "futures",
 "num_cpus",
]

[[package]]
name = "gcc"
version = "0.3.13"
source = "registry+https://github.com/rust-lang/crates.io-index"
checksum = "c817753e9a6ff928e71f62f5eb73478b1809b146ae0d2f5465be3bd1a8382579"
dependencies = [
 "advapi32-sys",
 "winapi 0.2.5",
]

[[package]]
name = "gqa_l9"
version = "0.1.0"
dependencies = [
 "directories",
 "reqwest",
 "static-http-cache",
]

[[package]]
name = "h2"
version = "0.1.15"
source = "registry+https://github.com/rust-lang/crates.io-index"
checksum = "30e0b8e55b4d7ffedade2b9605851f8e85f5010663e7ad170ef3c0f0681bc43f"
dependencies = [
 "byteorder",
 "bytes",
 "fnv",
 "futures",
 "http",
 "indexmap",
 "log",
 "slab",
 "string",
 "tokio-io",
]

[[package]]
name = "hex"
version = "0.3.0"
source = "registry+https://github.com/rust-lang/crates.io-index"
checksum = "b66c2649564633dd569707d91459ac1d2deefd9fa2a1def6fffc55b4bfee0b1f"

[[package]]
name = "http"
version = "0.1.15"
source = "registry+https://github.com/rust-lang/crates.io-index"
checksum = "1a10e5b573b9a0146545010f50772b9e8b1dd0a256564cc4307694c68832a2f5"
dependencies = [
 "bytes",
 "fnv",
 "itoa 0.4.1",
]

[[package]]
name = "httparse"
version = "1.0.0"
source = "registry+https://github.com/rust-lang/crates.io-index"
checksum = "49bd72a7f04d020d0f22e20a0cd80ac7d745d2023d1f35929497780ea06dbef8"

[[package]]
name = "hyper"
version = "0.12.22"
source = "registry+https://github.com/rust-lang/crates.io-index"
checksum = "622db8120387cf64e3159e57343233b5a37253176fcda7f8a7e48f5a9c4c98fd"
dependencies = [
 "bytes",
 "futures",
 "futures-cpupool",
 "h2",
 "http",
 "httparse",
 "iovec",
 "itoa 0.4.1",
 "log",
 "net2",
 "time",
 "tokio",
 "tokio-executor",
 "tokio-io",
 "tokio-reactor",
 "tokio-tcp",
 "tokio-threadpool",
 "tokio-timer",
 "want",
]

[[package]]
name = "hyper-tls"
version = "0.3.0"
source = "registry+https://github.com/rust-lang/crates.io-index"
checksum = "caaee4dea92794a9e697038bd401e264307d1f22c883dbcb6f6618ba0d3b3bd3"
dependencies = [
 "bytes",
 "futures",
 "hyper",
 "native-tls",
 "tokio-io",
]

[[package]]
name = "idna"
version = "0.1.0"
source = "registry+https://github.com/rust-lang/crates.io-index"
checksum = "1053236e00ce4f668aeca4a769a09b3bf5a682d802abd6f3cb39374f6b162c11"
dependencies = [
 "matches",
 "unicode-bidi",
 "unicode-normalization",
]

[[package]]
name = "indexmap"
version = "1.0.0"
source = "registry+https://github.com/rust-lang/crates.io-index"
checksum = "7b9378f1f3923647a9aea6af4c6b5de68cc8a71415459ad25ef191191c48f5b7"

[[package]]
name = "iovec"
version = "0.1.1"
source = "registry+https://github.com/rust-lang/crates.io-index"
checksum = "b6e8b9c2247fcf6c6a1151f1156932be5606c9fd6f55a2d7f9fc1cb29386b2f7"
dependencies = [
 "libc 0.2.37",
 "winapi 0.2.5",
]

[[package]]
name = "itoa"
version = "0.3.0"
source = "registry+https://github.com/rust-lang/crates.io-index"
checksum = "91fd9dc2c587067de817fec4ad355e3818c3d893a78cab32a0a474c7a15bb8d5"

[[package]]
name = "itoa"
version = "0.4.1"
source = "registry+https://github.com/rust-lang/crates.io-index"
checksum = "c069bbec61e1ca5a596166e55dfe4773ff745c3d16b700013bcaff9a6df2c682"

[[package]]
name = "kernel32-sys"
version = "0.2.0"
source = "registry+https://github.com/rust-lang/crates.io-index"
checksum = "ad1ca084b49bfd975182288e1a5f1d27ea34ff2d6ae084ae5e66e1652427eada"
dependencies = [
 "winapi 0.2.5",
 "winapi-build",
]

[[package]]
name = "lazy_static"
version = "1.1.0"
source = "registry+https://github.com/rust-lang/crates.io-index"
checksum = "ca488b89a5657b0a2ecd45b95609b3e848cf1755da332a0da46e2b2b1cb371a7"
dependencies = [
 "version_check",
]

[[package]]
name = "lazycell"
version = "0.6.0"
source = "registry+https://github.com/rust-lang/crates.io-index"
checksum = "a6f08839bc70ef4a3fe1d566d5350f519c5912ea86be0df1740a7d247c7fc0ef"

[[package]]
name = "libc"
version = "0.1.5"
source = "registry+https://github.com/rust-lang/crates.io-index"
checksum = "5fffee92a681b7bcec9a7546c40fda2573fa4261e691bc53ce9942d9b20d243e"

[[package]]
name = "libc"
version = "0.2.37"
source = "registry+https://github.com/rust-lang/crates.io-index"
checksum = "56aebce561378d99a0bb578f8cb15b6114d2a1814a6c7949bbe646d968bb4fa9"

[[package]]
name = "libflate"
version = "0.1.25"
source = "registry+https://github.com/rust-lang/crates.io-index"
checksum = "90c6f86f4b0caa347206f916f8b687b51d77c6ef8ff18d52dd007491fd580529"
dependencies = [
 "adler32",
 "byteorder",
 "crc32fast",
 "rle-decode-fast",
 "take_mut",
]

[[package]]
name = "log"
version = "0.4.1"
source = "registry+https://github.com/rust-lang/crates.io-index"
checksum = "89f010e843f2b1a31dbd316b3b8d443758bc634bed37aabade59c686d644e0a2"
dependencies = [
 "cfg-if",
]

[[package]]
name = "matches"
version = "0.1.2"
source = "registry+https://github.com/rust-lang/crates.io-index"
checksum = "15305656809ce5a4805b1ff2946892810992197ce1270ff79baded852187942e"

[[package]]
name = "memoffset"
version = "0.2.0"
source = "registry+https://github.com/rust-lang/crates.io-index"
checksum = "3978914322794e89d430f150d27986fe4a3fcc0050945cd7008dee145c1cb9c6"

[[package]]
name = "mime"
version = "0.3.7"
source = "registry+https://github.com/rust-lang/crates.io-index"
checksum = "0b28683d0b09bbc20be1c9b3f6f24854efb1356ffcffee08ea3f6e65596e85fa"
dependencies = [
 "unicase",
]

[[package]]
name = "mime_guess"
version = "2.0.0"
source = "registry+https://github.com/rust-lang/crates.io-index"
checksum = "d729cf45eaf996831fe7143af04190187ab3ee2a72ea96bd00958d1fae822a9d"
dependencies = [
 "mime",
 "unicase",
]

[[package]]
name = "mio"
version = "0.6.14"
source = "registry+https://github.com/rust-lang/crates.io-index"
checksum = "6d771e3ef92d58a8da8df7d6976bfca9371ed1de6619d9d5a5ce5b1f29b85bfe"
dependencies = [
 "fuchsia-zircon",
 "fuchsia-zircon-sys",
 "iovec",
 "kernel32-sys",
 "lazycell",
 "libc 0.2.37",
 "log",
 "miow",
 "net2",
 "slab",
 "winapi 0.2.5",
]

[[package]]
name = "miow"
version = "0.2.1"
source = "registry+https://github.com/rust-lang/crates.io-index"
checksum = "8c1f2f3b1cf331de6896aabf6e9d55dca90356cc9960cca7eaaf408a355ae919"
dependencies = [
 "kernel32-sys",
 "net2",
 "winapi 0.2.5",
 "ws2_32-sys",
]

[[package]]
name = "native-tls"
version = "0.2.0"
source = "registry+https://github.com/rust-lang/crates.io-index"
checksum = "7530becae57a21b3325685bd5c98559c58cb57b7cc8c53e825cd85459b023ba9"
dependencies = [
 "lazy_static",
 "libc 0.2.37",
 "openssl",
 "openssl-probe",
 "openssl-sys",
 "schannel",
 "security-framework",
 "security-framework-sys",
 "tempfile",
]

[[package]]
name = "net2"
version = "0.2.32"
source = "registry+https://github.com/rust-lang/crates.io-index"
checksum = "9044faf1413a1057267be51b5afba8eb1090bd2231c693664aa1db716fe1eae0"
dependencies = [
 "cfg-if",
 "libc 0.2.37",
 "winapi 0.3.0",
]

[[package]]
name = "nodrop"
version = "0.1.8"
source = "registry+https://github.com/rust-lang/crates.io-index"
checksum = "0dbbadd3f4c98dea0bd3d9b4be4c0cdaf1ab57035cb2e41fce3983db5add7cc5"
dependencies = [
 "odds",
]

[[package]]
name = "num-traits"
version = "0.1.32"
source = "registry+https://github.com/rust-lang/crates.io-index"
checksum = "51eab148f171aefad295f8cece636fc488b9b392ef544da31ea4b8ef6b9e9c39"

[[package]]
name = "num_cpus"
version = "1.8.0"
source = "registry+https://github.com/rust-lang/crates.io-index"
checksum = "c51a3322e4bca9d212ad9a158a02abc6934d005490c054a2778df73a70aa0a30"
dependencies = [
 "libc 0.2.37",
]

[[package]]
name = "odds"
version = "0.2.23"
source = "registry+https://github.com/rust-lang/crates.io-index"
checksum = "e04630a62b3f1cc8c58b4d8f2555a40136f02b420e158242936ef286a72d33a0"

[[package]]
name = "openssl"
version = "0.10.9"
source = "registry+https://github.com/rust-lang/crates.io-index"
checksum = "a2517ad2c3c77ccbccc2b35fa5586cd675789964181cf66331dd1573a3ab795e"
dependencies = [
 "bitflags",
 "cfg-if",
 "foreign-types",
 "lazy_static",
 "libc 0.2.37",
 "openssl-sys",
]

[[package]]
name = "openssl-probe"
version = "0.1.0"
source = "registry+https://github.com/rust-lang/crates.io-index"
checksum = "756d49c8424483a3df3b5d735112b4da22109ced9a8294f1f5cdf80fb3810919"

[[package]]
name = "openssl-sys"
version = "0.9.32"
source = "registry+https://github.com/rust-lang/crates.io-index"
checksum = "55ab11bb4f1874c116d57ff27d8bfe8252dafc567384334b7c58339ad57e0010"
dependencies = [
 "cc",
 "libc 0.2.37",
 "pkg-config",
 "vcpkg",
]

[[package]]
name = "percent-encoding"
version = "1.0.0"
source = "registry+https://github.com/rust-lang/crates.io-index"
checksum = "de154f638187706bde41d9b4738748933d64e6b37bdbffc0b47a97d16a6ae356"

[[package]]
name = "pkg-config"
version = "0.3.9"
source = "registry+https://github.com/rust-lang/crates.io-index"
checksum = "3a8b4c6b8165cd1a1cd4b9b120978131389f64bdaf456435caa41e630edba903"

[[package]]
name = "quote"
version = "0.3.15"
source = "registry+https://github.com/rust-lang/crates.io-index"
checksum = "7a6e920b65c65f10b2ae65c831a81a073a89edd28c7cce89475bff467ab4167a"

[[package]]
name = "rand"
version = "0.4.2"
source = "registry+https://github.com/rust-lang/crates.io-index"
checksum = "eba5f8cb59cc50ed56be8880a5c7b496bfd9bd26394e176bc67884094145c2c5"
dependencies = [
 "fuchsia-zircon",
 "libc 0.2.37",
 "winapi 0.3.0",
]

[[package]]
name = "rand"
version = "0.5.0"
source = "registry+https://github.com/rust-lang/crates.io-index"
checksum = "7a89abf8d34faf9783692392dca7bcdc6e82fa84eca86ccb6301ec87f3497185"
dependencies = [
 "cloudabi",
 "fuchsia-zircon",
 "libc 0.2.37",
 "rand_core 0.2.0",
 "winapi 0.3.0",
]

[[package]]
name = "rand_core"
version = "0.2.0"
source = "registry+https://github.com/rust-lang/crates.io-index"
checksum = "1b7a5f27547c49e5ccf8a586db3f3782fd93cf849780b21853b9d981db203302"

[[package]]
name = "rand_core"
version = "0.3.0"
source = "registry+https://github.com/rust-lang/crates.io-index"
checksum = "0905b6b7079ec73b314d4c748701f6931eb79fd97c668caa3f1899b22b32c6db"

[[package]]
name = "rand_os"
version = "0.1.0"
source = "registry+https://github.com/rust-lang/crates.io-index"
checksum = "de5ac4de1c2973e1391dc305cb0fbf8788cb58068e98255439b7485a77022273"
dependencies = [
 "cloudabi",
 "fuchsia-zircon",
 "libc 0.2.37",
 "rand_core 0.3.0",
 "winapi 0.3.0",
]

[[package]]
name = "redox_syscall"
version = "0.1.0"
source = "registry+https://github.com/rust-lang/crates.io-index"
checksum = "35a48131ab10dbeb17202bd1dcb9c9798963a58a50c9ec31640f237358832094"

[[package]]
name = "redox_users"
version = "0.3.0"
source = "registry+https://github.com/rust-lang/crates.io-index"
checksum = "3fe5204c3a17e97dde73f285d49be585df59ed84b50a872baf416e73b62c3828"
dependencies = [
 "argon2rs",
 "failure",
 "rand_os",
 "redox_syscall",
]

[[package]]
name = "remove_dir_all"
version = "0.5.0"
source = "registry+https://github.com/rust-lang/crates.io-index"
checksum = "dfc5b3ce5d5ea144bb04ebd093a9e14e9765bcfec866aecda9b6dec43b3d1e24"
dependencies = [
 "winapi 0.3.0",
]

[[package]]
name = "reqwest"
version = "0.9.9"
source = "registry+https://github.com/rust-lang/crates.io-index"
checksum = "09d6e187a58d923ee132fcda141c94e716bcfe301c2ea2bef5c81536e0085376"
dependencies = [
 "base64",
 "bytes",
 "encoding_rs",
 "futures",
 "http",
 "hyper",
 "hyper-tls",
 "libflate",
 "log",
 "mime",
 "mime_guess",
 "native-tls",
 "serde",
 "serde_json",
 "serde_urlencoded",
 "tokio",
 "tokio-executor",
 "tokio-io",
 "tokio-threadpool",
 "tokio-timer",
 "url",
 "uuid",
]

[[package]]
name = "rle-decode-fast"
version = "1.0.0"
source = "registry+https://github.com/rust-lang/crates.io-index"
checksum = "afd1e4090d0859205156ca6332939fb4f06370e4862c088d01e76721ed9afd76"

[[package]]
name = "rustc-demangle"
version = "0.1.4"
source = "registry+https://github.com/rust-lang/crates.io-index"
checksum = "3058a43ada2c2d0b92b3ae38007a2d0fa5e9db971be260e0171408a4ff471c95"

[[package]]
name = "rustc_version"
version = "0.2.2"
source = "registry+https://github.com/rust-lang/crates.io-index"
checksum = "a54aa04a10c68c1c4eacb4337fd883b435997ede17a9385784b990777686b09a"
dependencies = [
 "semver",
]

[[package]]
name = "schannel"
version = "0.1.13"
source = "registry+https://github.com/rust-lang/crates.io-index"
checksum = "dc1fabf2a7b6483a141426e1afd09ad543520a77ac49bd03c286e7696ccfd77f"
dependencies = [
 "lazy_static",
 "winapi 0.3.0",
]

[[package]]
name = "scopeguard"
version = "0.3.1"
source = "registry+https://github.com/rust-lang/crates.io-index"
checksum = "7aa5d8d293df7346f1f69c9c8595febc2df7179d672b87619b33ce64dc0a30bb"

[[package]]
name = "security-framework"
version = "0.2.1"
source = "registry+https://github.com/rust-lang/crates.io-index"
checksum = "697d3f3c23a618272ead9e1fb259c1411102b31c6af8b93f1d64cca9c3b0e8e0"
dependencies = [
 "core-foundation",
 "core-foundation-sys",
 "libc 0.2.37",
 "security-framework-sys",
]

[[package]]
name = "security-framework-sys"
version = "0.2.1"
source = "registry+https://github.com/rust-lang/crates.io-index"
checksum = "ab01dfbe5756785b5b4d46e0289e5a18071dfa9a7c2b24213ea00b9ef9b665bf"
dependencies = [
 "core-foundation-sys",
 "libc 0.2.37",
]

[[package]]
name = "semver"
version = "0.9.0"
source = "registry+https://github.com/rust-lang/crates.io-index"
checksum = "1d7eb9ef2c18661902cc47e535f9bc51b78acd254da71d375c2f6720d9a40403"
dependencies = [
 "semver-parser",
]

[[package]]
name = "semver-parser"
version = "0.7.0"
source = "registry+https://github.com/rust-lang/crates.io-index"
checksum = "388a1df253eca08550bef6c72392cfe7c30914bf41df5269b68cbd6ff8f570a3"

[[package]]
name = "serde"
version = "1.0.0"
source = "registry+https://github.com/rust-lang/crates.io-index"
checksum = "369633cfe0f0bde1dfc037fb6c5a329d46586a31f981bed14d87487a3439ae37"

[[package]]
name = "serde_json"
version = "1.0.0"
source = "registry+https://github.com/rust-lang/crates.io-index"
checksum = "e9b1ec939469a124b27e208106550c38358ed4334d2b1b5b3825bc1ee37d946a"
dependencies = [
 "dtoa",
 "itoa 0.3.0",
 "num-traits",
 "serde",
]

[[package]]
name = "serde_urlencoded"
version = "0.5.0"
source = "registry+https://github.com/rust-lang/crates.io-index"
checksum = "a053efd81206b42661c03bbab35426b1b3a02e4e34228182108960f373639b1c"
dependencies = [
 "dtoa",
 "itoa 0.3.0",
 "serde",
 "url",
]

[[package]]
name = "slab"
version = "0.4.1"
source = "registry+https://github.com/rust-lang/crates.io-index"
checksum = "5f9776d6b986f77b35c6cf846c11ad986ff128fe0b2b63a3628e3755e8d3102d"

[[package]]
name = "sqlite"
version = "0.23.9"
source = "registry+https://github.com/rust-lang/crates.io-index"
checksum = "d18d7b10278336e7fd9dc259399a0f9ff419616738b6a841b136c362e16db626"
dependencies = [
 "libc 0.2.37",
 "sqlite3-sys",
]

[[package]]
name = "sqlite3-src"
version = "0.2.1"
source = "registry+https://github.com/rust-lang/crates.io-index"
checksum = "ee9ddc069b95bfaff3f843b1f14fa881928a0b68a54b6fcbe623440fb1ecfac3"
dependencies = [
 "gcc",
 "pkg-config",
]

[[package]]
name = "sqlite3-sys"
version = "0.12.0"
source = "registry+https://github.com/rust-lang/crates.io-index"
checksum = "71fec807a1534bd13eeaaec396175d67c79bdc68df55e18a452726ec62a8fb08"
dependencies = [
 "libc 0.2.37",
 "sqlite3-src",
]

[[package]]
name = "static-http-cache"
version = "0.2.0"
source = "registry+https://github.com/rust-lang/crates.io-index"
checksum = "80a35c991bee8c1e666ef4f002731af455c130a368e507042e6d8d4c2318c6f5"
dependencies = [
 "crypto-hash",
 "log",
 "rand 0.4.2",
 "reqwest",
 "sqlite",
]

[[package]]
name = "string"
version = "0.1.0"
source = "registry+https://github.com/rust-lang/crates.io-index"
checksum = "31f98b200e7caca9efca50fc0aa69cd58a5ec81d5f6e75b2f3ecaad2e998972a"

[[package]]
name = "syn"
version = "0.11.11"
source = "registry+https://github.com/rust-lang/crates.io-index"
checksum = "d3b891b9015c88c576343b9b3e41c2c11a51c219ef067b264bd9c8aa9b441dad"
dependencies = [
 "quote",
 "synom",
 "unicode-xid",
]

[[package]]
name = "synom"
version = "0.11.0"
source = "registry+https://github.com/rust-lang/crates.io-index"
checksum = "8fece1853fb872b0acdc3ff88f37c474018e125ef81cd4cb8c0ca515746b62ed"
dependencies = [
 "unicode-xid",
]

[[package]]
name = "synstructure"
version = "0.6.0"
source = "registry+https://github.com/rust-lang/crates.io-index"
checksum = "51fa8ce41ed22c8dc2baa435a3c721b0d2b7e7dc6e5460822ea7689e6a640a22"
dependencies = [
 "quote",
 "syn",
]

[[package]]
name = "take_mut"
version = "0.2.2"
source = "registry+https://github.com/rust-lang/crates.io-index"
checksum = "f764005d11ee5f36500a149ace24e00e3da98b0158b3e2d53a7495660d3f4d60"

[[package]]
name = "tempfile"
version = "3.0.2"
source = "registry+https://github.com/rust-lang/crates.io-index"
checksum = "47776f63b85777d984a50ce49d6b9e58826b6a3766a449fc95bc66cd5663c15b"
dependencies = [
 "libc 0.2.37",
 "rand 0.4.2",
 "redox_syscall",
 "remove_dir_all",
 "winapi 0.3.0",
]

[[package]]
name = "time"
version = "0.1.25"
source = "registry+https://github.com/rust-lang/crates.io-index"
checksum = "f20e102bca8f92bbd42eefad5ec66e4d74701849de4ac348051b7536721c8a19"
dependencies = [
 "gcc",
 "libc 0.1.5",
]

[[package]]
name = "tokio"
version = "0.1.14"
source = "registry+https://github.com/rust-lang/crates.io-index"
checksum = "4790d0be6f4ba6ae4f48190efa2ed7780c9e3567796abdb285003cf39840d9c5"
dependencies = [
 "bytes",
 "futures",
 "mio",
 "num_cpus",
 "tokio-current-thread",
 "tokio-executor",
 "tokio-io",
 "tokio-reactor",
 "tokio-threadpool",
 "tokio-timer",
]

[[package]]
name = "tokio-current-thread"
version = "0.1.3"
source = "registry+https://github.com/rust-lang/crates.io-index"
checksum = "f90fcd90952f0a496d438a976afba8e5c205fb12123f813d8ab3aa1c8436638c"
dependencies = [
 "futures",
 "tokio-executor",
]

[[package]]
name = "tokio-executor"
version = "0.1.5"
source = "registry+https://github.com/rust-lang/crates.io-index"
checksum = "c117b6cf86bb730aab4834f10df96e4dd586eff2c3c27d3781348da49e255bde"
dependencies = [
 "futures",
]

[[package]]
name = "tokio-io"
version = "0.1.6"
source = "registry+https://github.com/rust-lang/crates.io-index"
checksum = "6af9eb326f64b2d6b68438e1953341e00ab3cf54de7e35d92bfc73af8555313a"
dependencies = [
 "bytes",
 "futures",
 "log",
]

[[package]]
name = "tokio-reactor"
version = "0.1.1"
source = "registry+https://github.com/rust-lang/crates.io-index"
checksum = "b3cedc8e5af5131dc3423ffa4f877cce78ad25259a9a62de0613735a13ebc64b"
dependencies = [
 "futures",
 "log",
 "mio",
 "slab",
 "tokio-executor",
 "tokio-io",
]

[[package]]
name = "tokio-tcp"
version = "0.1.0"
source = "registry+https://github.com/rust-lang/crates.io-index"
checksum = "ec9b094851aadd2caf83ba3ad8e8c4ce65a42104f7b94d9e6550023f0407853f"
dependencies = [
 "bytes",
 "futures",
 "iovec",
 "mio",
 "tokio-io",
 "tokio-reactor",
]

[[package]]
name = "tokio-threadpool"
version = "0.1.8"
source = "registry+https://github.com/rust-lang/crates.io-index"
checksum = "3929aee321c9220ed838ed6c3928be7f9b69986b0e3c22c972a66dbf8a298c68"
dependencies = [
 "crossbeam-deque",
 "crossbeam-utils 0.5.0",
 "futures",
 "log",
 "num_cpus",
 "rand 0.5.0",
 "tokio-executor",
]

[[package]]
name = "tokio-timer"
version = "0.2.8"
source = "registry+https://github.com/rust-lang/crates.io-index"
checksum = "4f37f0111d76cc5da132fe9bc0590b9b9cfd079bc7e75ac3846278430a299ff8"
dependencies = [
 "crossbeam-utils 0.6.0",
 "futures",
 "slab",
 "tokio-executor",
]

[[package]]
name = "try-lock"
version = "0.2.0"
source = "registry+https://github.com/rust-lang/crates.io-index"
checksum = "2a31f2d8ccabc3089a7aad162f96d4513034a6c5d2385e93023984c645e65fb6"

[[package]]
name = "unicase"
version = "2.4.0"
source = "registry+https://github.com/rust-lang/crates.io-index"
checksum = "a84e5511b2a947f3ae965dcb29b13b7b1691b6e7332cf5dbc1744138d5acb7f6"
dependencies = [
 "version_check",
]

[[package]]
name = "unicode-bidi"
version = "0.2.3"
source = "registry+https://github.com/rust-lang/crates.io-index"
checksum = "c1f7ceb96afdfeedee42bade65a0d585a6a0106f681b6749c8ff4daa8df30b3f"
dependencies = [
 "matches",
]

[[package]]
name = "unicode-normalization"
version = "0.1.2"
source = "registry+https://github.com/rust-lang/crates.io-index"
checksum = "26643a2f83bac55f1976fb716c10234485f9202dcd65cfbdf9da49867b271172"

[[package]]
name = "unicode-xid"
version = "0.0.4"
source = "registry+https://github.com/rust-lang/crates.io-index"
checksum = "8c1f860d7d29cf02cb2f3f359fd35991af3d30bac52c57d265a3c461074cb4dc"

[[package]]
name = "url"
version = "1.7.1"
source = "registry+https://github.com/rust-lang/crates.io-index"
checksum = "2a321979c09843d272956e73700d12c4e7d3d92b2ee112b31548aef0d4efc5a6"
dependencies = [
 "idna",
 "matches",
 "percent-encoding",
]

[[package]]
name = "uuid"
version = "0.7.0"
source = "registry+https://github.com/rust-lang/crates.io-index"
checksum = "39fc0def9b82e91083a03ce2f1e3d50aef224568d2044f6cafc98fbe2b866530"
dependencies = [
 "rand 0.5.0",
]

[[package]]
name = "vcpkg"
version = "0.2.0"
source = "registry+https://github.com/rust-lang/crates.io-index"
checksum = "df74ff70e2ced9607f67e06640f89a6a6374b459b51bdef290a5cfa657fe4fcc"

[[package]]
name = "version_check"
version = "0.1.4"
source = "registry+https://github.com/rust-lang/crates.io-index"
checksum = "7716c242968ee87e5542f8021178248f267f295a5c4803beae8b8b7fd9bc6051"

[[package]]
name = "want"
version = "0.0.6"
source = "registry+https://github.com/rust-lang/crates.io-index"
checksum = "797464475f30ddb8830cc529aaaae648d581f99e2036a928877dfde027ddf6b3"
dependencies = [
 "futures",
 "log",
 "try-lock",
]

[[package]]
name = "winapi"
version = "0.2.5"
source = "registry+https://github.com/rust-lang/crates.io-index"
checksum = "dc3583688b861fcd83c2823d37cf2cd2446c233dd7ba3f97884d1a7302817537"

[[package]]
name = "winapi"
version = "0.3.0"
source = "registry+https://github.com/rust-lang/crates.io-index"
checksum = "b3ad91d846a4a5342c1fb7008d26124ee6cf94a3953751618577295373b32117"
dependencies = [
 "winapi-i686-pc-windows-gnu",
 "winapi-x86_64-pc-windows-gnu",
]

[[package]]
name = "winapi-build"
version = "0.1.1"
source = "registry+https://github.com/rust-lang/crates.io-index"
checksum = "2d315eee3b34aca4797b2da6b13ed88266e6d612562a0c46390af8299fc699bc"

[[package]]
name = "winapi-i686-pc-windows-gnu"
version = "0.3.0"
source = "registry+https://github.com/rust-lang/crates.io-index"
checksum = "a16a8e2ebfc883e2b1771c6482b1fb3c6831eab289ba391619a2d93a7356220f"

[[package]]
name = "winapi-x86_64-pc-windows-gnu"
version = "0.3.0"
source = "registry+https://github.com/rust-lang/crates.io-index"
checksum = "8ca29cb03c8ceaf20f8224a18a530938305e9872b1478ea24ff44b4f503a1d1d"

[[package]]
name = "ws2_32-sys"
version = "0.2.0"
source = "registry+https://github.com/rust-lang/crates.io-index"
checksum = "ee5f6c385b5f769b6e6104dce4d46dbb582d4bca1e7db77157766381636ee9d8"
dependencies = [
 "winapi 0.2.5",
 "winapi-build",
]
